
Microsoft Visual Studio Solution File, Format Version 12.00
# Visual Studio Version 17
VisualStudioVersion = 17.11.35312.102
MinimumVisualStudioVersion = 10.0.40219.1
Project("{FAE04EC0-301F-11D3-BF4B-00C04F79EFBC}") = "ODEV", "ODEV\ODEV.csproj", "{8DA4F5D3-5C5E-4CAD-8690-F27035C2E298}"
EndProject
Global
	GlobalSection(SolutionConfigurationPlatforms) = preSolution
		Debug|Any CPU = Debug|Any CPU
		Release|Any CPU = Release|Any CPU
	EndGlobalSection
	GlobalSection(ProjectConfigurationPlatforms) = postSolution
		{8DA4F5D3-5C5E-4CAD-8690-F27035C2E298}.Debug|Any CPU.ActiveCfg = Debug|Any CPU
		{8DA4F5D3-5C5E-4CAD-8690-F27035C2E298}.Debug|Any CPU.Build.0 = Debug|Any CPU
		{8DA4F5D3-5C5E-4CAD-8690-F27035C2E298}.Release|Any CPU.ActiveCfg = Release|Any CPU
		{8DA4F5D3-5C5E-4CAD-8690-F27035C2E298}.Release|Any CPU.Build.0 = Release|Any CPU
	EndGlobalSection
	GlobalSection(SolutionProperties) = preSolution
		HideSolutionNode = FALSE
	EndGlobalSection
	GlobalSection(ExtensibilityGlobals) = postSolution
		SolutionGuid = {F63D883B-4B31-4B3D-8ADE-B8215CABB352}
	EndGlobalSection
EndGlobal
